
Microsoft Visual Studio Solution File, Format Version 12.00
# Visual Studio Version 17
VisualStudioVersion = 17.0.32014.148
MinimumVisualStudioVersion = 10.0.40219.1
Project("{FAE04EC0-301F-11D3-BF4B-00C04F79EFBC}") = "ReEntry.WebAPI", "ReEntry.WebAPI\ReEntry.WebAPI.csproj", "{CCA01347-E53F-411C-B088-EAB4768E2A60}"
EndProject
Global
	GlobalSection(SolutionConfigurationPlatforms) = preSolution
		Debug|Any CPU = Debug|Any CPU
		Release|Any CPU = Release|Any CPU
	EndGlobalSection
	GlobalSection(ProjectConfigurationPlatforms) = postSolution
		{CCA01347-E53F-411C-B088-EAB4768E2A60}.Debug|Any CPU.ActiveCfg = Debug|Any CPU
		{CCA01347-E53F-411C-B088-EAB4768E2A60}.Debug|Any CPU.Build.0 = Debug|Any CPU
		{CCA01347-E53F-411C-B088-EAB4768E2A60}.Release|Any CPU.ActiveCfg = Release|Any CPU
		{CCA01347-E53F-411C-B088-EAB4768E2A60}.Release|Any CPU.Build.0 = Release|Any CPU
	EndGlobalSection
	GlobalSection(SolutionProperties) = preSolution
		HideSolutionNode = FALSE
	EndGlobalSection
	GlobalSection(ExtensibilityGlobals) = postSolution
		SolutionGuid = {97648716-80AC-4A30-8D60-B2CDCD71DF4D}
	EndGlobalSection
EndGlobal
